
Microsoft Visual Studio Solution File, Format Version 12.00
# Visual Studio 15
VisualStudioVersion = 15.0.28307.106
MinimumVisualStudioVersion = 10.0.40219.1
Project("{FAE04EC0-301F-11D3-BF4B-00C04F79EFBC}") = "Terrarium-ZSI", "Terrarium-ZSI\Terrarium-ZSI.csproj", "{A678DE8C-CAE2-438A-874B-F7611046201D}"
EndProject
Global
	GlobalSection(SolutionConfigurationPlatforms) = preSolution
		Debug|Any CPU = Debug|Any CPU
		Release|Any CPU = Release|Any CPU
	EndGlobalSection
	GlobalSection(ProjectConfigurationPlatforms) = postSolution
		{A678DE8C-CAE2-438A-874B-F7611046201D}.Debug|Any CPU.ActiveCfg = Debug|Any CPU
		{A678DE8C-CAE2-438A-874B-F7611046201D}.Debug|Any CPU.Build.0 = Debug|Any CPU
		{A678DE8C-CAE2-438A-874B-F7611046201D}.Release|Any CPU.ActiveCfg = Release|Any CPU
		{A678DE8C-CAE2-438A-874B-F7611046201D}.Release|Any CPU.Build.0 = Release|Any CPU
	EndGlobalSection
	GlobalSection(SolutionProperties) = preSolution
		HideSolutionNode = FALSE
	EndGlobalSection
	GlobalSection(ExtensibilityGlobals) = postSolution
		SolutionGuid = {D766DBBE-CC24-493C-AE40-C759BCD6F60D}
	EndGlobalSection
EndGlobal
